{
  "name": "react-bpmn-example",
  "version": "0.0.0",
  "lockfileVersion": 2,
  "requires": true,
  "packages": {
    "": {
      "name": "react-bpmn-example",
      "version": "0.0.0",
      "license": "MIT",
      "dependencies": {
        "bpmn-js": "^17.0.0",
        "react-bpmn": "^0.2.0"
      },
      "devDependencies": {
        "sirv-cli": "^3.0.0"
      }
    },
    "node_modules/@bpmn-io/diagram-js-ui": {
      "version": "0.2.2",
      "resolved": "https://registry.npmjs.org/@bpmn-io/diagram-js-ui/-/diagram-js-ui-0.2.2.tgz",
      "integrity": "sha512-IgOIxOwoqsFB2mMPdXtcbPVPjdYkZ3huW7ipowYLhg5jdRGHlBronQ+LER+lfWro6sPtzEsw7qX8D8Yq9M2S5g==",
      "dependencies": {
        "htm": "^3.1.1",
        "preact": "^10.11.2"
      }
    },
    "node_modules/@polka/url": {
      "version": "1.0.0-next.28",
      "resolved": "https://registry.npmjs.org/@polka/url/-/url-1.0.0-next.28.tgz",
      "integrity": "sha512-8LduaNlMZGwdZ6qWrKlfa+2M4gahzFkprZiAt2TF8uS0qQgBizKXpXURqvTJ4WtmupWxaLqjRb2UCTe72mu+Aw==",
      "dev": true
    },
    "node_modules/bpmn-js": {
      "version": "17.0.0",
      "resolved": "https://registry.npmjs.org/bpmn-js/-/bpmn-js-17.0.0.tgz",
      "integrity": "sha512-ZA2oLAyqfeDHymFo9dmpyWcJDlUujiBJ8fsGDjI7MpZngsoi7wkMSR6c++leMbPUqY5pBZED4MOeclQq17dIGw==",
      "dependencies": {
        "bpmn-moddle": "^8.1.0",
        "diagram-js": "^14.0.0",
        "diagram-js-direct-editing": "^2.1.1",
        "ids": "^1.0.5",
        "inherits-browser": "^0.1.0",
        "min-dash": "^4.1.1",
        "min-dom": "^4.0.3",
        "tiny-svg": "^3.0.0"
      },
      "engines": {
        "node": "*"
      }
    },
    "node_modules/bpmn-moddle": {
      "version": "8.1.0",
      "resolved": "https://registry.npmjs.org/bpmn-moddle/-/bpmn-moddle-8.1.0.tgz",
      "integrity": "sha512-yI5OAFfYVJwViKTsTsonVfCBPtB3MlefADUORwNIxxBOMp21vnoxuxsdgUWlPH/dvAEZh/+mr8UtqOBNu8NC5Q==",
      "dependencies": {
        "min-dash": "^4.0.0",
        "moddle": "^6.2.3",
        "moddle-xml": "^10.1.0"
      }
    },
    "node_modules/clsx": {
      "version": "2.0.0",
      "resolved": "https://registry.npmjs.org/clsx/-/clsx-2.0.0.tgz",
      "integrity": "sha512-rQ1+kcj+ttHG0MKVGBUXwayCCF1oh39BF5COIpRzuCEv8Mwjv0XucrI2ExNTOn9IlLifGClWQcU9BrZORvtw6Q==",
      "engines": {
        "node": ">=6"
      }
    },
    "node_modules/component-event": {
      "version": "0.2.1",
      "resolved": "https://registry.npmjs.org/component-event/-/component-event-0.2.1.tgz",
      "integrity": "sha512-wGA++isMqiDq1jPYeyv2as/Bt/u+3iLW0rEa+8NQ82jAv3TgqMiCM+B2SaBdn2DfLilLjjq736YcezihRYhfxw=="
    },
    "node_modules/console-clear": {
      "version": "1.1.1",
      "resolved": "https://registry.npmjs.org/console-clear/-/console-clear-1.1.1.tgz",
      "integrity": "sha512-pMD+MVR538ipqkG5JXeOEbKWS5um1H4LUUccUQG68qpeqBYbzYy79Gh55jkd2TtPdRfUaLWdv6LPP//5Zt0aPQ==",
      "dev": true,
      "engines": {
        "node": ">=4"
      }
    },
    "node_modules/diagram-js": {
      "version": "14.0.0",
      "resolved": "https://registry.npmjs.org/diagram-js/-/diagram-js-14.0.0.tgz",
      "integrity": "sha512-6XNQbBCJ7mA35O7HLU78NBdwGqK1uzK6C/x/Pb61QXWNNIOzg9ewI4257W3CdlJSE2jP+pTM7a7TpGG2BNcc3g==",
      "dependencies": {
        "@bpmn-io/diagram-js-ui": "^0.2.2",
        "clsx": "^2.0.0",
        "didi": "^10.0.1",
        "inherits-browser": "^0.1.0",
        "min-dash": "^4.1.0",
        "min-dom": "^4.1.0",
        "object-refs": "^0.4.0",
        "path-intersection": "^3.0.0",
        "tiny-svg": "^3.0.1"
      },
      "engines": {
        "node": "*"
      }
    },
    "node_modules/diagram-js-direct-editing": {
      "version": "2.1.2",
      "resolved": "https://registry.npmjs.org/diagram-js-direct-editing/-/diagram-js-direct-editing-2.1.2.tgz",
      "integrity": "sha512-VpccLAnLqLF1cp3fk363QUbRVTd/qTcj2oOb+IqgcmOiWszJp7J9Ta6y5GjUvw48hDZpzCatlmWwA4CJ3MaYGQ==",
      "dependencies": {
        "min-dash": "^4.0.0",
        "min-dom": "^4.0.2"
      },
      "engines": {
        "node": "*"
      },
      "peerDependencies": {
        "diagram-js": "*"
      }
    },
    "node_modules/didi": {
      "version": "10.0.1",
      "resolved": "https://registry.npmjs.org/didi/-/didi-10.0.1.tgz",
      "integrity": "sha512-rddmyUjpIh8pIu9OVtqQjGkZB4jNOaaRMz9AClSH3WUEOoJctxpFmqjTButmI5na5sSIDpfjABe34wEvEhrjcg==",
      "engines": {
        "node": ">= 16"
      }
    },
    "node_modules/domify": {
      "version": "1.4.1",
      "resolved": "https://registry.npmjs.org/domify/-/domify-1.4.1.tgz",
      "integrity": "sha512-x18nuiDHMCZGXr4KJSRMf/TWYtiaRo6RX8KN9fEbW54mvbQ6pieUuerC2ahBg+kEp1wycFj8MPUI0WkIOw5E9w=="
    },
    "node_modules/get-port": {
      "version": "5.1.1",
      "resolved": "https://registry.npmjs.org/get-port/-/get-port-5.1.1.tgz",
      "integrity": "sha512-g/Q1aTSDOxFpchXC4i8ZWvxA1lnPqx/JHqcpIw0/LX9T8x/GBbi6YnlN5nhaKIFkT8oFsscUKgDJYxfwfS6QsQ==",
      "dev": true,
      "engines": {
        "node": ">=8"
      },
      "funding": {
        "url": "https://github.com/sponsors/sindresorhus"
      }
    },
    "node_modules/htm": {
      "version": "3.1.1",
      "resolved": "https://registry.npmjs.org/htm/-/htm-3.1.1.tgz",
      "integrity": "sha512-983Vyg8NwUE7JkZ6NmOqpCZ+sh1bKv2iYTlUkzlWmA5JD2acKoxd4KVxbMmxX/85mtfdnDmTFoNKcg5DGAvxNQ=="
    },
    "node_modules/ids": {
      "version": "1.0.5",
      "resolved": "https://registry.npmjs.org/ids/-/ids-1.0.5.tgz",
      "integrity": "sha512-XQ0yom/4KWTL29sLG+tyuycy7UmeaM/79GRtSJq6IG9cJGIPeBz5kwDCguie3TwxaMNIc3WtPi0cTa1XYHicpw=="
    },
    "node_modules/inherits-browser": {
      "version": "0.1.0",
      "resolved": "https://registry.npmjs.org/inherits-browser/-/inherits-browser-0.1.0.tgz",
      "integrity": "sha512-CJHHvW3jQ6q7lzsXPpapLdMx5hDpSF3FSh45pwsj6bKxJJ8Nl8v43i5yXnr3BdfOimGHKyniewQtnAIp3vyJJw=="
    },
    "node_modules/kleur": {
      "version": "4.1.5",
      "resolved": "https://registry.npmjs.org/kleur/-/kleur-4.1.5.tgz",
      "integrity": "sha512-o+NO+8WrRiQEE4/7nwRJhN1HWpVmJm511pBHUxPLtp0BUISzlBplORYSmTclCnJvQq2tKu/sgl3xVpkc7ZWuQQ==",
      "dev": true,
      "engines": {
        "node": ">=6"
      }
    },
    "node_modules/local-access": {
      "version": "1.1.0",
      "resolved": "https://registry.npmjs.org/local-access/-/local-access-1.1.0.tgz",
      "integrity": "sha512-XfegD5pyTAfb+GY6chk283Ox5z8WexG56OvM06RWLpAc/UHozO8X6xAxEkIitZOtsSMM1Yr3DkHgW5W+onLhCw==",
      "dev": true,
      "engines": {
        "node": ">=6"
      }
    },
    "node_modules/min-dash": {
      "version": "4.1.1",
      "resolved": "https://registry.npmjs.org/min-dash/-/min-dash-4.1.1.tgz",
      "integrity": "sha512-r+Z6vxXLSGr+otyCPx9NKPCSixw7LdfZREPTmqfd2a/d5D6w4NCdOxRJs+HyFO6v2pQkyHroGSiINWECK+OWPg=="
    },
    "node_modules/min-dom": {
      "version": "4.1.0",
      "resolved": "https://registry.npmjs.org/min-dom/-/min-dom-4.1.0.tgz",
      "integrity": "sha512-1lj1EyoSwY/UmTeT/hhPiZTsq+vK9D+8FAJ/53iK5jT1otkG9rJTixSKdjmTieEvdfES+sKbbTptzaQJhnacjA==",
      "dependencies": {
        "component-event": "^0.2.1",
        "domify": "^1.4.1",
        "min-dash": "^4.0.0"
      }
    },
    "node_modules/moddle": {
      "version": "6.2.3",
      "resolved": "https://registry.npmjs.org/moddle/-/moddle-6.2.3.tgz",
      "integrity": "sha512-bLVN+ZHL3aKnhxc19XtjUfvdJsS3EsiEJC7bT6YPD11qYmTzvsxrGgyYz1Ouof7TZuGw0lDJ1OLmEnxcpQWk3Q==",
      "dependencies": {
        "min-dash": "^4.0.0"
      }
    },
    "node_modules/moddle-xml": {
      "version": "10.1.0",
      "resolved": "https://registry.npmjs.org/moddle-xml/-/moddle-xml-10.1.0.tgz",
      "integrity": "sha512-erWckwLt+dYskewKXJso9u+aAZ5172lOiYxSOqKCPTy7L/xmqH1PoeoA7eVC7oJTt3PqF5TkZzUmbjGH6soQBg==",
      "dependencies": {
        "min-dash": "^4.0.0",
        "moddle": "^6.0.0",
        "saxen": "^8.1.2"
      }
    },
    "node_modules/mri": {
      "version": "1.1.6",
      "resolved": "https://registry.npmjs.org/mri/-/mri-1.1.6.tgz",
      "integrity": "sha512-oi1b3MfbyGa7FJMP9GmLTttni5JoICpYBRlq+x5V16fZbLsnL9N3wFqqIm/nIG43FjUFkFh9Epzp/kzUGUnJxQ==",
      "dev": true,
      "engines": {
        "node": ">=4"
      }
    },
    "node_modules/mrmime": {
      "version": "2.0.0",
      "resolved": "https://registry.npmjs.org/mrmime/-/mrmime-2.0.0.tgz",
      "integrity": "sha512-eu38+hdgojoyq63s+yTpN4XMBdt5l8HhMhc4VKLO9KM5caLIBvUm4thi7fFaxyTmCKeNnXZ5pAlBwCUnhA09uw==",
      "dev": true,
      "engines": {
        "node": ">=10"
      }
    },
    "node_modules/object-refs": {
      "version": "0.4.0",
      "resolved": "https://registry.npmjs.org/object-refs/-/object-refs-0.4.0.tgz",
      "integrity": "sha512-6kJqKWryKZmtte6QYvouas0/EIJKPI1/MMIuRsiBlNuhIMfqYTggzX2F1AJ2+cDs288xyi9GL7FyasHINR98BQ==",
      "engines": {
        "node": "*"
      }
    },
    "node_modules/path-intersection": {
      "version": "3.0.0",
      "resolved": "https://registry.npmjs.org/path-intersection/-/path-intersection-3.0.0.tgz",
      "integrity": "sha512-Rdnfb33F9+qadWe3ZyzDpw3KSXQhsK1MByL44QzSDIQtMAujd0zFx9f+kt4SaQp1JOoXl5pl5K28EoEuAEgarA==",
      "engines": {
        "node": ">= 14.20"
      }
    },
    "node_modules/preact": {
      "version": "10.15.1",
      "resolved": "https://registry.npmjs.org/preact/-/preact-10.15.1.tgz",
      "integrity": "sha512-qs2ansoQEwzNiV5eAcRT1p1EC/dmEzaATVDJNiB3g2sRDWdA7b7MurXdJjB2+/WQktGWZwxvDrnuRFbWuIr64g==",
      "funding": {
        "type": "opencollective",
        "url": "https://opencollective.com/preact"
      }
    },
    "node_modules/react-bpmn": {
      "version": "0.2.0",
      "resolved": "https://registry.npmjs.org/react-bpmn/-/react-bpmn-0.2.0.tgz",
      "integrity": "sha512-GBIlVw7On32k2IdCHbbN/2y9r7C5iLyzKvBmMclqQ/vMOXH5QEiCcO7qV/70LETvLLL1RZO/AhrvCIYD1pBZqQ=="
    },
    "node_modules/sade": {
      "version": "1.7.4",
      "resolved": "https://registry.npmjs.org/sade/-/sade-1.7.4.tgz",
      "integrity": "sha512-y5yauMD93rX840MwUJr7C1ysLFBgMspsdTo4UVrDg3fXDvtwOyIqykhVAAm6fk/3au77773itJStObgK+LKaiA==",
      "dev": true,
      "dependencies": {
        "mri": "^1.1.0"
      },
      "engines": {
        "node": ">= 6"
      }
    },
    "node_modules/saxen": {
      "version": "8.1.2",
      "resolved": "https://registry.npmjs.org/saxen/-/saxen-8.1.2.tgz",
      "integrity": "sha512-xUOiiFbc3Ow7p8KMxwsGICPx46ZQvy3+qfNVhrkwfz3Vvq45eGt98Ft5IQaA1R/7Tb5B5MKh9fUR9x3c3nDTxw=="
    },
    "node_modules/semiver": {
      "version": "1.1.0",
      "resolved": "https://registry.npmjs.org/semiver/-/semiver-1.1.0.tgz",
      "integrity": "sha512-QNI2ChmuioGC1/xjyYwyZYADILWyW6AmS1UH6gDj/SFUUUS4MBAWs/7mxnkRPc/F4iHezDP+O8t0dO8WHiEOdg==",
      "dev": true,
      "engines": {
        "node": ">=6"
      }
    },
    "node_modules/sirv": {
      "version": "3.0.0",
      "resolved": "https://registry.npmjs.org/sirv/-/sirv-3.0.0.tgz",
      "integrity": "sha512-BPwJGUeDaDCHihkORDchNyyTvWFhcusy1XMmhEVTQTwGeybFbp8YEmB+njbPnth1FibULBSBVwCQni25XlCUDg==",
      "dev": true,
      "dependencies": {
        "@polka/url": "^1.0.0-next.24",
        "mrmime": "^2.0.0",
        "totalist": "^3.0.0"
      },
      "engines": {
        "node": ">=18"
      }
    },
    "node_modules/sirv-cli": {
      "version": "3.0.0",
      "resolved": "https://registry.npmjs.org/sirv-cli/-/sirv-cli-3.0.0.tgz",
      "integrity": "sha512-p88yHl8DmTOUJroRiW2o9ezJc/YRLxphBydX2NGQc3naKBA09B3EM4Q/yaN8FYF0e50fRSZP7dyatr72b1u5Jw==",
      "dev": true,
      "dependencies": {
        "console-clear": "^1.1.0",
        "get-port": "^5.1.1",
        "kleur": "^4.1.4",
        "local-access": "^1.0.1",
        "sade": "^1.6.0",
        "semiver": "^1.0.0",
        "sirv": "^3.0.0",
        "tinydate": "^1.0.0"
      },
      "bin": {
        "sirv": "bin.js"
      },
      "engines": {
        "node": ">=18"
      }
    },
    "node_modules/tiny-svg": {
      "version": "3.0.1",
      "resolved": "https://registry.npmjs.org/tiny-svg/-/tiny-svg-3.0.1.tgz",
      "integrity": "sha512-P8T4iwiW1t95vpHVHqrD36Brn7TqFYCPSHIWk9WLJtYK1X4aDd+5cgqcAADIWSjf1/i5idKnpCh9mim8hEdRBg=="
    },
    "node_modules/tinydate": {
      "version": "1.3.0",
      "resolved": "https://registry.npmjs.org/tinydate/-/tinydate-1.3.0.tgz",
      "integrity": "sha512-7cR8rLy2QhYHpsBDBVYnnWXm8uRTr38RoZakFSW7Bs7PzfMPNZthuMLkwqZv7MTu8lhQ91cOFYS5a7iFj2oR3w==",
      "dev": true,
      "engines": {
        "node": ">=4"
      }
    },
    "node_modules/totalist": {
      "version": "3.0.0",
      "resolved": "https://registry.npmjs.org/totalist/-/totalist-3.0.0.tgz",
      "integrity": "sha512-eM+pCBxXO/njtF7vdFsHuqb+ElbxqtI4r5EAvk6grfAFyJ6IvWlSkfZ5T9ozC6xWw3Fj1fGoSmrl0gUs46JVIw==",
      "dev": true,
      "engines": {
        "node": ">=6"
      }
    }
  },
  "dependencies": {
    "@bpmn-io/diagram-js-ui": {
      "version": "0.2.2",
      "resolved": "https://registry.npmjs.org/@bpmn-io/diagram-js-ui/-/diagram-js-ui-0.2.2.tgz",
      "integrity": "sha512-IgOIxOwoqsFB2mMPdXtcbPVPjdYkZ3huW7ipowYLhg5jdRGHlBronQ+LER+lfWro6sPtzEsw7qX8D8Yq9M2S5g==",
      "requires": {
        "htm": "^3.1.1",
        "preact": "^10.11.2"
      }
    },
    "@polka/url": {
      "version": "1.0.0-next.28",
      "resolved": "https://registry.npmjs.org/@polka/url/-/url-1.0.0-next.28.tgz",
      "integrity": "sha512-8LduaNlMZGwdZ6qWrKlfa+2M4gahzFkprZiAt2TF8uS0qQgBizKXpXURqvTJ4WtmupWxaLqjRb2UCTe72mu+Aw==",
      "dev": true
    },
    "bpmn-js": {
      "version": "17.0.0",
      "resolved": "https://registry.npmjs.org/bpmn-js/-/bpmn-js-17.0.0.tgz",
      "integrity": "sha512-ZA2oLAyqfeDHymFo9dmpyWcJDlUujiBJ8fsGDjI7MpZngsoi7wkMSR6c++leMbPUqY5pBZED4MOeclQq17dIGw==",
      "requires": {
        "bpmn-moddle": "^8.1.0",
        "diagram-js": "^14.0.0",
        "diagram-js-direct-editing": "^2.1.1",
        "ids": "^1.0.5",
        "inherits-browser": "^0.1.0",
        "min-dash": "^4.1.1",
        "min-dom": "^4.0.3",
        "tiny-svg": "^3.0.0"
      }
    },
    "bpmn-moddle": {
      "version": "8.1.0",
      "resolved": "https://registry.npmjs.org/bpmn-moddle/-/bpmn-moddle-8.1.0.tgz",
      "integrity": "sha512-yI5OAFfYVJwViKTsTsonVfCBPtB3MlefADUORwNIxxBOMp21vnoxuxsdgUWlPH/dvAEZh/+mr8UtqOBNu8NC5Q==",
      "requires": {
        "min-dash": "^4.0.0",
        "moddle": "^6.2.3",
        "moddle-xml": "^10.1.0"
      }
    },
    "clsx": {
      "version": "2.0.0",
      "resolved": "https://registry.npmjs.org/clsx/-/clsx-2.0.0.tgz",
      "integrity": "sha512-rQ1+kcj+ttHG0MKVGBUXwayCCF1oh39BF5COIpRzuCEv8Mwjv0XucrI2ExNTOn9IlLifGClWQcU9BrZORvtw6Q=="
    },
    "component-event": {
      "version": "0.2.1",
      "resolved": "https://registry.npmjs.org/component-event/-/component-event-0.2.1.tgz",
      "integrity": "sha512-wGA++isMqiDq1jPYeyv2as/Bt/u+3iLW0rEa+8NQ82jAv3TgqMiCM+B2SaBdn2DfLilLjjq736YcezihRYhfxw=="
    },
    "console-clear": {
      "version": "1.1.1",
      "resolved": "https://registry.npmjs.org/console-clear/-/console-clear-1.1.1.tgz",
      "integrity": "sha512-pMD+MVR538ipqkG5JXeOEbKWS5um1H4LUUccUQG68qpeqBYbzYy79Gh55jkd2TtPdRfUaLWdv6LPP//5Zt0aPQ==",
      "dev": true
    },
    "diagram-js": {
      "version": "14.0.0",
      "resolved": "https://registry.npmjs.org/diagram-js/-/diagram-js-14.0.0.tgz",
      "integrity": "sha512-6XNQbBCJ7mA35O7HLU78NBdwGqK1uzK6C/x/Pb61QXWNNIOzg9ewI4257W3CdlJSE2jP+pTM7a7TpGG2BNcc3g==",
      "requires": {
        "@bpmn-io/diagram-js-ui": "^0.2.2",
        "clsx": "^2.0.0",
        "didi": "^10.0.1",
        "inherits-browser": "^0.1.0",
        "min-dash": "^4.1.0",
        "min-dom": "^4.1.0",
        "object-refs": "^0.4.0",
        "path-intersection": "^3.0.0",
        "tiny-svg": "^3.0.1"
      }
    },
    "diagram-js-direct-editing": {
      "version": "2.1.2",
      "resolved": "https://registry.npmjs.org/diagram-js-direct-editing/-/diagram-js-direct-editing-2.1.2.tgz",
      "integrity": "sha512-VpccLAnLqLF1cp3fk363QUbRVTd/qTcj2oOb+IqgcmOiWszJp7J9Ta6y5GjUvw48hDZpzCatlmWwA4CJ3MaYGQ==",
      "requires": {
        "min-dash": "^4.0.0",
        "min-dom": "^4.0.2"
      }
    },
    "didi": {
      "version": "10.0.1",
      "resolved": "https://registry.npmjs.org/didi/-/didi-10.0.1.tgz",
      "integrity": "sha512-rddmyUjpIh8pIu9OVtqQjGkZB4jNOaaRMz9AClSH3WUEOoJctxpFmqjTButmI5na5sSIDpfjABe34wEvEhrjcg=="
    },
    "domify": {
      "version": "1.4.1",
      "resolved": "https://registry.npmjs.org/domify/-/domify-1.4.1.tgz",
      "integrity": "sha512-x18nuiDHMCZGXr4KJSRMf/TWYtiaRo6RX8KN9fEbW54mvbQ6pieUuerC2ahBg+kEp1wycFj8MPUI0WkIOw5E9w=="
    },
    "get-port": {
      "version": "5.1.1",
      "resolved": "https://registry.npmjs.org/get-port/-/get-port-5.1.1.tgz",
      "integrity": "sha512-g/Q1aTSDOxFpchXC4i8ZWvxA1lnPqx/JHqcpIw0/LX9T8x/GBbi6YnlN5nhaKIFkT8oFsscUKgDJYxfwfS6QsQ==",
      "dev": true
    },
    "htm": {
      "version": "3.1.1",
      "resolved": "https://registry.npmjs.org/htm/-/htm-3.1.1.tgz",
      "integrity": "sha512-983Vyg8NwUE7JkZ6NmOqpCZ+sh1bKv2iYTlUkzlWmA5JD2acKoxd4KVxbMmxX/85mtfdnDmTFoNKcg5DGAvxNQ=="
    },
    "ids": {
      "version": "1.0.5",
      "resolved": "https://registry.npmjs.org/ids/-/ids-1.0.5.tgz",
      "integrity": "sha512-XQ0yom/4KWTL29sLG+tyuycy7UmeaM/79GRtSJq6IG9cJGIPeBz5kwDCguie3TwxaMNIc3WtPi0cTa1XYHicpw=="
    },
    "inherits-browser": {
      "version": "0.1.0",
      "resolved": "https://registry.npmjs.org/inherits-browser/-/inherits-browser-0.1.0.tgz",
      "integrity": "sha512-CJHHvW3jQ6q7lzsXPpapLdMx5hDpSF3FSh45pwsj6bKxJJ8Nl8v43i5yXnr3BdfOimGHKyniewQtnAIp3vyJJw=="
    },
    "kleur": {
      "version": "4.1.5",
      "resolved": "https://registry.npmjs.org/kleur/-/kleur-4.1.5.tgz",
      "integrity": "sha512-o+NO+8WrRiQEE4/7nwRJhN1HWpVmJm511pBHUxPLtp0BUISzlBplORYSmTclCnJvQq2tKu/sgl3xVpkc7ZWuQQ==",
      "dev": true
    },
    "local-access": {
      "version": "1.1.0",
      "resolved": "https://registry.npmjs.org/local-access/-/local-access-1.1.0.tgz",
      "integrity": "sha512-XfegD5pyTAfb+GY6chk283Ox5z8WexG56OvM06RWLpAc/UHozO8X6xAxEkIitZOtsSMM1Yr3DkHgW5W+onLhCw==",
      "dev": true
    },
    "min-dash": {
      "version": "4.1.1",
      "resolved": "https://registry.npmjs.org/min-dash/-/min-dash-4.1.1.tgz",
      "integrity": "sha512-r+Z6vxXLSGr+otyCPx9NKPCSixw7LdfZREPTmqfd2a/d5D6w4NCdOxRJs+HyFO6v2pQkyHroGSiINWECK+OWPg=="
    },
    "min-dom": {
      "version": "4.1.0",
      "resolved": "https://registry.npmjs.org/min-dom/-/min-dom-4.1.0.tgz",
      "integrity": "sha512-1lj1EyoSwY/UmTeT/hhPiZTsq+vK9D+8FAJ/53iK5jT1otkG9rJTixSKdjmTieEvdfES+sKbbTptzaQJhnacjA==",
      "requires": {
        "component-event": "^0.2.1",
        "domify": "^1.4.1",
        "min-dash": "^4.0.0"
      }
    },
    "moddle": {
      "version": "6.2.3",
      "resolved": "https://registry.npmjs.org/moddle/-/moddle-6.2.3.tgz",
      "integrity": "sha512-bLVN+ZHL3aKnhxc19XtjUfvdJsS3EsiEJC7bT6YPD11qYmTzvsxrGgyYz1Ouof7TZuGw0lDJ1OLmEnxcpQWk3Q==",
      "requires": {
        "min-dash": "^4.0.0"
      }
    },
    "moddle-xml": {
      "version": "10.1.0",
      "resolved": "https://registry.npmjs.org/moddle-xml/-/moddle-xml-10.1.0.tgz",
      "integrity": "sha512-erWckwLt+dYskewKXJso9u+aAZ5172lOiYxSOqKCPTy7L/xmqH1PoeoA7eVC7oJTt3PqF5TkZzUmbjGH6soQBg==",
      "requires": {
        "min-dash": "^4.0.0",
        "moddle": "^6.0.0",
        "saxen": "^8.1.2"
      }
    },
    "mri": {
      "version": "1.1.6",
      "resolved": "https://registry.npmjs.org/mri/-/mri-1.1.6.tgz",
      "integrity": "sha512-oi1b3MfbyGa7FJMP9GmLTttni5JoICpYBRlq+x5V16fZbLsnL9N3wFqqIm/nIG43FjUFkFh9Epzp/kzUGUnJxQ==",
      "dev": true
    },
    "mrmime": {
      "version": "2.0.0",
      "resolved": "https://registry.npmjs.org/mrmime/-/mrmime-2.0.0.tgz",
      "integrity": "sha512-eu38+hdgojoyq63s+yTpN4XMBdt5l8HhMhc4VKLO9KM5caLIBvUm4thi7fFaxyTmCKeNnXZ5pAlBwCUnhA09uw==",
      "dev": true
    },
    "object-refs": {
      "version": "0.4.0",
      "resolved": "https://registry.npmjs.org/object-refs/-/object-refs-0.4.0.tgz",
      "integrity": "sha512-6kJqKWryKZmtte6QYvouas0/EIJKPI1/MMIuRsiBlNuhIMfqYTggzX2F1AJ2+cDs288xyi9GL7FyasHINR98BQ=="
    },
    "path-intersection": {
      "version": "3.0.0",
      "resolved": "https://registry.npmjs.org/path-intersection/-/path-intersection-3.0.0.tgz",
      "integrity": "sha512-Rdnfb33F9+qadWe3ZyzDpw3KSXQhsK1MByL44QzSDIQtMAujd0zFx9f+kt4SaQp1JOoXl5pl5K28EoEuAEgarA=="
    },
    "preact": {
      "version": "10.15.1",
      "resolved": "https://registry.npmjs.org/preact/-/preact-10.15.1.tgz",
      "integrity": "sha512-qs2ansoQEwzNiV5eAcRT1p1EC/dmEzaATVDJNiB3g2sRDWdA7b7MurXdJjB2+/WQktGWZwxvDrnuRFbWuIr64g=="
    },
    "react-bpmn": {
      "version": "0.2.0",
      "resolved": "https://registry.npmjs.org/react-bpmn/-/react-bpmn-0.2.0.tgz",
      "integrity": "sha512-GBIlVw7On32k2IdCHbbN/2y9r7C5iLyzKvBmMclqQ/vMOXH5QEiCcO7qV/70LETvLLL1RZO/AhrvCIYD1pBZqQ=="
    },
    "sade": {
      "version": "1.7.4",
      "resolved": "https://registry.npmjs.org/sade/-/sade-1.7.4.tgz",
      "integrity": "sha512-y5yauMD93rX840MwUJr7C1ysLFBgMspsdTo4UVrDg3fXDvtwOyIqykhVAAm6fk/3au77773itJStObgK+LKaiA==",
      "dev": true,
      "requires": {
        "mri": "^1.1.0"
      }
    },
    "saxen": {
      "version": "8.1.2",
      "resolved": "https://registry.npmjs.org/saxen/-/saxen-8.1.2.tgz",
      "integrity": "sha512-xUOiiFbc3Ow7p8KMxwsGICPx46ZQvy3+qfNVhrkwfz3Vvq45eGt98Ft5IQaA1R/7Tb5B5MKh9fUR9x3c3nDTxw=="
    },
    "semiver": {
      "version": "1.1.0",
      "resolved": "https://registry.npmjs.org/semiver/-/semiver-1.1.0.tgz",
      "integrity": "sha512-QNI2ChmuioGC1/xjyYwyZYADILWyW6AmS1UH6gDj/SFUUUS4MBAWs/7mxnkRPc/F4iHezDP+O8t0dO8WHiEOdg==",
      "dev": true
    },
    "sirv": {
      "version": "3.0.0",
      "resolved": "https://registry.npmjs.org/sirv/-/sirv-3.0.0.tgz",
      "integrity": "sha512-BPwJGUeDaDCHihkORDchNyyTvWFhcusy1XMmhEVTQTwGeybFbp8YEmB+njbPnth1FibULBSBVwCQni25XlCUDg==",
      "dev": true,
      "requires": {
        "@polka/url": "^1.0.0-next.24",
        "mrmime": "^2.0.0",
        "totalist": "^3.0.0"
      }
    },
    "sirv-cli": {
      "version": "3.0.0",
      "resolved": "https://registry.npmjs.org/sirv-cli/-/sirv-cli-3.0.0.tgz",
      "integrity": "sha512-p88yHl8DmTOUJroRiW2o9ezJc/YRLxphBydX2NGQc3naKBA09B3EM4Q/yaN8FYF0e50fRSZP7dyatr72b1u5Jw==",
      "dev": true,
      "requires": {
        "console-clear": "^1.1.0",
        "get-port": "^5.1.1",
        "kleur": "^4.1.4",
        "local-access": "^1.0.1",
        "sade": "^1.6.0",
        "semiver": "^1.0.0",
        "sirv": "^3.0.0",
        "tinydate": "^1.0.0"
      }
    },
    "tiny-svg": {
      "version": "3.0.1",
      "resolved": "https://registry.npmjs.org/tiny-svg/-/tiny-svg-3.0.1.tgz",
      "integrity": "sha512-P8T4iwiW1t95vpHVHqrD36Brn7TqFYCPSHIWk9WLJtYK1X4aDd+5cgqcAADIWSjf1/i5idKnpCh9mim8hEdRBg=="
    },
    "tinydate": {
      "version": "1.3.0",
      "resolved": "https://registry.npmjs.org/tinydate/-/tinydate-1.3.0.tgz",
      "integrity": "sha512-7cR8rLy2QhYHpsBDBVYnnWXm8uRTr38RoZakFSW7Bs7PzfMPNZthuMLkwqZv7MTu8lhQ91cOFYS5a7iFj2oR3w==",
      "dev": true
    },
    "totalist": {
      "version": "3.0.0",
      "resolved": "https://registry.npmjs.org/totalist/-/totalist-3.0.0.tgz",
      "integrity": "sha512-eM+pCBxXO/njtF7vdFsHuqb+ElbxqtI4r5EAvk6grfAFyJ6IvWlSkfZ5T9ozC6xWw3Fj1fGoSmrl0gUs46JVIw==",
      "dev": true
    }
  }
}
