{
  "name": "react-bpmn-example",
  "version": "0.0.0",
  "lockfileVersion": 1,
  "requires": true,
  "dependencies": {
    "@polka/url": {
      "version": "1.0.0-next.11",
      "resolved": "https://registry.npmjs.org/@polka/url/-/url-1.0.0-next.11.tgz",
      "integrity": "sha512-3NsZsJIA/22P3QUyrEDNA2D133H4j224twJrdipXN38dpnIOzAbUDtOwkcJ5pXmn75w7LSQDjA4tO9dm1XlqlA==",
      "dev": true
    },
    "bpmn-js": {
      "version": "8.1.0",
      "resolved": "https://registry.npmjs.org/bpmn-js/-/bpmn-js-8.1.0.tgz",
      "integrity": "sha512-kKmiWHGZNDTkTI+lbWKdsM0YQBfEiSwU4n46qvESWKYBfNlFhPBXa+e43IYhl/OgDU4vETBEOqDxMhraFZP8FQ==",
      "requires": {
        "bpmn-moddle": "^7.0.4",
        "css.escape": "^1.5.1",
        "diagram-js": "^7.0.0",
        "diagram-js-direct-editing": "^1.6.2",
        "ids": "^1.0.0",
        "inherits": "^2.0.4",
        "min-dash": "^3.5.2",
        "min-dom": "^3.1.3",
        "object-refs": "^0.3.0",
        "tiny-svg": "^2.2.2"
      }
    },
    "bpmn-moddle": {
      "version": "7.0.4",
      "resolved": "https://registry.npmjs.org/bpmn-moddle/-/bpmn-moddle-7.0.4.tgz",
      "integrity": "sha512-/rqz1hAEGArOdiQ7y2HK/+5KmdthPRC8vO5i5wkLRx5SiRzFJx2WfWg9ES0XyjmAIVH7nPRGhihMaeV6zdzd1w==",
      "requires": {
        "min-dash": "^3.0.0",
        "moddle": "^5.0.1",
        "moddle-xml": "^9.0.4"
      }
    },
    "component-event": {
      "version": "0.1.4",
      "resolved": "https://registry.npmjs.org/component-event/-/component-event-0.1.4.tgz",
      "integrity": "sha1-PeePwoeCOBeH4kvyp8U2vwFCybQ="
    },
    "console-clear": {
      "version": "1.1.1",
      "resolved": "https://registry.npmjs.org/console-clear/-/console-clear-1.1.1.tgz",
      "integrity": "sha512-pMD+MVR538ipqkG5JXeOEbKWS5um1H4LUUccUQG68qpeqBYbzYy79Gh55jkd2TtPdRfUaLWdv6LPP//5Zt0aPQ==",
      "dev": true
    },
    "css.escape": {
      "version": "1.5.1",
      "resolved": "https://registry.npmjs.org/css.escape/-/css.escape-1.5.1.tgz",
      "integrity": "sha1-QuJ9T6BK4y+TGktNQZH6nN3ul8s="
    },
    "diagram-js": {
      "version": "7.1.0",
      "resolved": "https://registry.npmjs.org/diagram-js/-/diagram-js-7.1.0.tgz",
      "integrity": "sha512-j7jraSDaZanN2Kveb+HILyYa4KKqDdDchLQZ92bkZBpDc92ObChZrZGZXRJp5pggrJ2DKb0IffHYRkuU5HvX0g==",
      "requires": {
        "css.escape": "^1.5.1",
        "didi": "^5.2.1",
        "hammerjs": "^2.0.1",
        "inherits": "^2.0.4",
        "min-dash": "^3.5.2",
        "min-dom": "^3.1.3",
        "object-refs": "^0.3.0",
        "path-intersection": "^2.2.0",
        "tiny-svg": "^2.2.2"
      }
    },
    "diagram-js-direct-editing": {
      "version": "1.6.2",
      "resolved": "https://registry.npmjs.org/diagram-js-direct-editing/-/diagram-js-direct-editing-1.6.2.tgz",
      "integrity": "sha512-hAiSnt6iETMLHBRsCU+XeATiV7u/rovlAX/l4MnvzW6+VeHqQOn+xFetD6JwxfTHKvT3h9fAQpfMZPOPlRFNlw==",
      "requires": {
        "min-dash": "^3.5.2",
        "min-dom": "^3.1.3"
      }
    },
    "didi": {
      "version": "5.2.1",
      "resolved": "https://registry.npmjs.org/didi/-/didi-5.2.1.tgz",
      "integrity": "sha512-IKNnajUlD4lWMy/Q9Emkk7H1qnzREgY4UyE3IhmOi/9IKua0JYtYldk928bOdt1yNxN8EiOy1sqtSozEYsmjCg=="
    },
    "domify": {
      "version": "1.4.0",
      "resolved": "https://registry.npmjs.org/domify/-/domify-1.4.0.tgz",
      "integrity": "sha1-EUg2F/dk+GlZdbS9x5sU8IA7Yps="
    },
    "get-port": {
      "version": "3.2.0",
      "resolved": "https://registry.npmjs.org/get-port/-/get-port-3.2.0.tgz",
      "integrity": "sha1-3Xzn3hh8Bsi/NTeWrHHgmfCYDrw=",
      "dev": true
    },
    "hammerjs": {
      "version": "2.0.8",
      "resolved": "https://registry.npmjs.org/hammerjs/-/hammerjs-2.0.8.tgz",
      "integrity": "sha1-BO93hiz/K7edMPdpIJWTAiK/YPE="
    },
    "ids": {
      "version": "1.0.0",
      "resolved": "https://registry.npmjs.org/ids/-/ids-1.0.0.tgz",
      "integrity": "sha512-Zvtq1xUto4LttpstyOlFum8lKx+i1OmRfg+6A9drFS9iSZsDPMHG4Sof/qwNR4kCU7jBeWFPrY2ocHxiz7cCRw=="
    },
    "indexof": {
      "version": "0.0.1",
      "resolved": "https://registry.npmjs.org/indexof/-/indexof-0.0.1.tgz",
      "integrity": "sha1-gtwzbSMrkGIXnQWrMpOmYFn9Q10="
    },
    "inherits": {
      "version": "2.0.4",
      "resolved": "https://registry.npmjs.org/inherits/-/inherits-2.0.4.tgz",
      "integrity": "sha512-k/vGaX4/Yla3WzyMCvTQOXYeIHvqOKtnqBduzTHpzpQZzAskKMhZ2K+EnBiSM9zGSoIFeMpXKxa4dYeZIQqewQ=="
    },
    "kleur": {
      "version": "3.0.3",
      "resolved": "https://registry.npmjs.org/kleur/-/kleur-3.0.3.tgz",
      "integrity": "sha512-eTIzlVOSUR+JxdDFepEYcBMtZ9Qqdef+rnzWdRZuMbOywu5tO2w2N7rqjoANZ5k9vywhL6Br1VRjUIgTQx4E8w==",
      "dev": true
    },
    "local-access": {
      "version": "1.1.0",
      "resolved": "https://registry.npmjs.org/local-access/-/local-access-1.1.0.tgz",
      "integrity": "sha512-XfegD5pyTAfb+GY6chk283Ox5z8WexG56OvM06RWLpAc/UHozO8X6xAxEkIitZOtsSMM1Yr3DkHgW5W+onLhCw==",
      "dev": true
    },
    "matches-selector": {
      "version": "1.2.0",
      "resolved": "https://registry.npmjs.org/matches-selector/-/matches-selector-1.2.0.tgz",
      "integrity": "sha512-c4vLwYWyl+Ji+U43eU/G5FwxWd4ZH0ePUsFs5y0uwD9HUEFBXUQ1zUUan+78IpRD+y4pUfG0nAzNM292K7ItvA=="
    },
    "mime": {
      "version": "2.5.0",
      "resolved": "https://registry.npmjs.org/mime/-/mime-2.5.0.tgz",
      "integrity": "sha512-ft3WayFSFUVBuJj7BMLKAQcSlItKtfjsKDDsii3rqFDAZ7t11zRe8ASw/GlmivGwVUYtwkQrxiGGpL6gFvB0ag==",
      "dev": true
    },
    "min-dash": {
      "version": "3.5.2",
      "resolved": "https://registry.npmjs.org/min-dash/-/min-dash-3.5.2.tgz",
      "integrity": "sha512-YVbJZUtnzT5QsgJUp9H9uyJTW6NJgswFqI27RI/+MSox860uIjaGMbSQBftEzbMXiJVRG24hpoIh3SG666SHgA=="
    },
    "min-dom": {
      "version": "3.1.3",
      "resolved": "https://registry.npmjs.org/min-dom/-/min-dom-3.1.3.tgz",
      "integrity": "sha512-Lbi1NZjLV9Hg6/bEe2Lfk2Fzsv1MwheR61whqTLP+FxLndYo9TxpksEgM5Kr1khjfCtFTMr0waeEfwIpStkRdw==",
      "requires": {
        "component-event": "^0.1.4",
        "domify": "^1.3.1",
        "indexof": "0.0.1",
        "matches-selector": "^1.2.0"
      }
    },
    "moddle": {
      "version": "5.0.1",
      "resolved": "https://registry.npmjs.org/moddle/-/moddle-5.0.1.tgz",
      "integrity": "sha512-RB9NCYxbnQLiY1ZJ8Y61+I8TBEmmyaMr8Tj0+fJHN8Fm6l5NqojDy1s4LNDxq+omvug4gnzERMgT8uwNsADDvw==",
      "requires": {
        "min-dash": "^3.0.0"
      }
    },
    "moddle-xml": {
      "version": "9.0.4",
      "resolved": "https://registry.npmjs.org/moddle-xml/-/moddle-xml-9.0.4.tgz",
      "integrity": "sha512-RzF+hLiMGetWuEnJLuljORDdmFPJxgNYVEdog7ynmg0EK+MjtrsqYZjn786XluW9de6h7Y/FRQjVQZP4vJ9HyQ==",
      "requires": {
        "min-dash": "^3.5.2",
        "moddle": "^5.0.1",
        "saxen": "^8.1.2"
      }
    },
    "mri": {
      "version": "1.1.6",
      "resolved": "https://registry.npmjs.org/mri/-/mri-1.1.6.tgz",
      "integrity": "sha512-oi1b3MfbyGa7FJMP9GmLTttni5JoICpYBRlq+x5V16fZbLsnL9N3wFqqIm/nIG43FjUFkFh9Epzp/kzUGUnJxQ==",
      "dev": true
    },
    "object-refs": {
      "version": "0.3.0",
      "resolved": "https://registry.npmjs.org/object-refs/-/object-refs-0.3.0.tgz",
      "integrity": "sha512-eP0ywuoWOaDoiake/6kTJlPJhs+k0qNm4nYRzXLNHj6vh+5M3i9R1epJTdxIPGlhWc4fNRQ7a6XJNCX+/L4FOQ=="
    },
    "path-intersection": {
      "version": "2.2.0",
      "resolved": "https://registry.npmjs.org/path-intersection/-/path-intersection-2.2.0.tgz",
      "integrity": "sha512-1qchRuLKhRt3qYePf9CU/74fLrBo9OTiKYNn5fxfuHJW6kTThEk04ql7w8JwOgZjNANAGp1052tWGpwZ7ItNRA=="
    },
    "react-bpmn": {
      "version": "0.2.0",
      "resolved": "https://registry.npmjs.org/react-bpmn/-/react-bpmn-0.2.0.tgz",
      "integrity": "sha512-GBIlVw7On32k2IdCHbbN/2y9r7C5iLyzKvBmMclqQ/vMOXH5QEiCcO7qV/70LETvLLL1RZO/AhrvCIYD1pBZqQ=="
    },
    "sade": {
      "version": "1.7.4",
      "resolved": "https://registry.npmjs.org/sade/-/sade-1.7.4.tgz",
      "integrity": "sha512-y5yauMD93rX840MwUJr7C1ysLFBgMspsdTo4UVrDg3fXDvtwOyIqykhVAAm6fk/3au77773itJStObgK+LKaiA==",
      "dev": true,
      "requires": {
        "mri": "^1.1.0"
      }
    },
    "saxen": {
      "version": "8.1.2",
      "resolved": "https://registry.npmjs.org/saxen/-/saxen-8.1.2.tgz",
      "integrity": "sha512-xUOiiFbc3Ow7p8KMxwsGICPx46ZQvy3+qfNVhrkwfz3Vvq45eGt98Ft5IQaA1R/7Tb5B5MKh9fUR9x3c3nDTxw=="
    },
    "semiver": {
      "version": "1.1.0",
      "resolved": "https://registry.npmjs.org/semiver/-/semiver-1.1.0.tgz",
      "integrity": "sha512-QNI2ChmuioGC1/xjyYwyZYADILWyW6AmS1UH6gDj/SFUUUS4MBAWs/7mxnkRPc/F4iHezDP+O8t0dO8WHiEOdg==",
      "dev": true
    },
    "sirv": {
      "version": "1.0.10",
      "resolved": "https://registry.npmjs.org/sirv/-/sirv-1.0.10.tgz",
      "integrity": "sha512-H5EZCoZaggEUQy8ocKsF7WAToGuZhjJlLvM3XOef46CbdIgbNeQ1p32N1PCuCjkVYwrAVOSMacN6CXXgIzuspg==",
      "dev": true,
      "requires": {
        "@polka/url": "^1.0.0-next.9",
        "mime": "^2.3.1",
        "totalist": "^1.0.0"
      }
    },
    "sirv-cli": {
      "version": "1.0.10",
      "resolved": "https://registry.npmjs.org/sirv-cli/-/sirv-cli-1.0.10.tgz",
      "integrity": "sha512-8mLTRkvzpZXMyUZJ1whf84YHN/mm2r2+j5sU1ZYr5n2jA8VkFItNPk53oysOo+0QxBVp9aUjggkAsQp1d7L3OQ==",
      "dev": true,
      "requires": {
        "console-clear": "^1.1.0",
        "get-port": "^3.2.0",
        "kleur": "^3.0.0",
        "local-access": "^1.0.1",
        "sade": "^1.6.0",
        "semiver": "^1.0.0",
        "sirv": "^1.0.10",
        "tinydate": "^1.0.0"
      }
    },
    "tiny-svg": {
      "version": "2.2.2",
      "resolved": "https://registry.npmjs.org/tiny-svg/-/tiny-svg-2.2.2.tgz",
      "integrity": "sha512-u6zCuMkDR/3VAh83X7hDRn/pi0XhwG2ycuNS0cTFtQjGdOG2tSvEb8ds65VeGWc3H6PUjJKeunueXqgkZqtMsg=="
    },
    "tinydate": {
      "version": "1.3.0",
      "resolved": "https://registry.npmjs.org/tinydate/-/tinydate-1.3.0.tgz",
      "integrity": "sha512-7cR8rLy2QhYHpsBDBVYnnWXm8uRTr38RoZakFSW7Bs7PzfMPNZthuMLkwqZv7MTu8lhQ91cOFYS5a7iFj2oR3w==",
      "dev": true
    },
    "totalist": {
      "version": "1.1.0",
      "resolved": "https://registry.npmjs.org/totalist/-/totalist-1.1.0.tgz",
      "integrity": "sha512-gduQwd1rOdDMGxFG1gEvhV88Oirdo2p+KjoYFU7k2g+i7n6AFFbDQ5kMPUsW0pNbfQsB/cwXvT1i4Bue0s9g5g==",
      "dev": true
    }
  }
}
